
Microsoft Visual Studio Solution File, Format Version 12.00
# Visual Studio Version 17
VisualStudioVersion = 17.3.32901.215
MinimumVisualStudioVersion = 10.0.40219.1
Project("{FAE04EC0-301F-11D3-BF4B-00C04F79EFBC}") = "Task", "Task\Task.csproj", "{4052992E-8517-4AC8-9369-DBA9A419E176}"
EndProject
Global
	GlobalSection(SolutionConfigurationPlatforms) = preSolution
		Debug|Any CPU = Debug|Any CPU
		Release|Any CPU = Release|Any CPU
	EndGlobalSection
	GlobalSection(ProjectConfigurationPlatforms) = postSolution
		{4052992E-8517-4AC8-9369-DBA9A419E176}.Debug|Any CPU.ActiveCfg = Debug|Any CPU
		{4052992E-8517-4AC8-9369-DBA9A419E176}.Debug|Any CPU.Build.0 = Debug|Any CPU
		{4052992E-8517-4AC8-9369-DBA9A419E176}.Release|Any CPU.ActiveCfg = Release|Any CPU
		{4052992E-8517-4AC8-9369-DBA9A419E176}.Release|Any CPU.Build.0 = Release|Any CPU
	EndGlobalSection
	GlobalSection(SolutionProperties) = preSolution
		HideSolutionNode = FALSE
	EndGlobalSection
	GlobalSection(ExtensibilityGlobals) = postSolution
		SolutionGuid = {D260829E-3916-4641-8880-ACC9E8A95971}
	EndGlobalSection
EndGlobal
